
Microsoft Visual Studio Solution File, Format Version 12.00
# Visual Studio Version 17
VisualStudioVersion = 17.0.31903.59
MinimumVisualStudioVersion = 10.0.40219.1
Project("{FAE04EC0-301F-11D3-BF4B-00C04F79EFBC}") = "SchoolCoreAPI", "SchoolCoreAPI\SchoolCoreAPI.csproj", "{443CA830-57E0-40FF-8A79-2B7D021CE78A}"
EndProject
Project("{FAE04EC0-301F-11D3-BF4B-00C04F79EFBC}") = "SchoolCoreWEB", "SchoolCoreWEB\SchoolCoreWEB.csproj", "{0DE67985-F614-43B3-A1C1-8A8A51CC8AF6}"
EndProject
Project("{FAE04EC0-301F-11D3-BF4B-00C04F79EFBC}") = "SchoolCoreMOB", "SchoolCoreMOB\SchoolCoreMOB.csproj", "{CB08C65A-980A-41CE-9E24-67D46AE2A118}"
EndProject
Project("{E53339B2-1760-4266-BCC7-CA923CBCF16C}") = "docker-compose", "docker-compose.dcproj", "{81DDED9D-158B-E303-5F62-77A2896D2A5A}"
EndProject
Global
	GlobalSection(SolutionConfigurationPlatforms) = preSolution
		Debug|Any CPU = Debug|Any CPU
		Release|Any CPU = Release|Any CPU
	EndGlobalSection
	GlobalSection(ProjectConfigurationPlatforms) = postSolution
		{443CA830-57E0-40FF-8A79-2B7D021CE78A}.Debug|Any CPU.ActiveCfg = Debug|Any CPU
		{443CA830-57E0-40FF-8A79-2B7D021CE78A}.Debug|Any CPU.Build.0 = Debug|Any CPU
		{443CA830-57E0-40FF-8A79-2B7D021CE78A}.Release|Any CPU.ActiveCfg = Release|Any CPU
		{443CA830-57E0-40FF-8A79-2B7D021CE78A}.Release|Any CPU.Build.0 = Release|Any CPU
		{0DE67985-F614-43B3-A1C1-8A8A51CC8AF6}.Debug|Any CPU.ActiveCfg = Debug|Any CPU
		{0DE67985-F614-43B3-A1C1-8A8A51CC8AF6}.Debug|Any CPU.Build.0 = Debug|Any CPU
		{0DE67985-F614-43B3-A1C1-8A8A51CC8AF6}.Release|Any CPU.ActiveCfg = Release|Any CPU
		{0DE67985-F614-43B3-A1C1-8A8A51CC8AF6}.Release|Any CPU.Build.0 = Release|Any CPU
		{CB08C65A-980A-41CE-9E24-67D46AE2A118}.Debug|Any CPU.ActiveCfg = Debug|Any CPU
		{CB08C65A-980A-41CE-9E24-67D46AE2A118}.Debug|Any CPU.Build.0 = Debug|Any CPU
		{CB08C65A-980A-41CE-9E24-67D46AE2A118}.Release|Any CPU.ActiveCfg = Release|Any CPU
		{CB08C65A-980A-41CE-9E24-67D46AE2A118}.Release|Any CPU.Build.0 = Release|Any CPU
		{81DDED9D-158B-E303-5F62-77A2896D2A5A}.Debug|Any CPU.ActiveCfg = Debug|Any CPU
		{81DDED9D-158B-E303-5F62-77A2896D2A5A}.Debug|Any CPU.Build.0 = Debug|Any CPU
		{81DDED9D-158B-E303-5F62-77A2896D2A5A}.Release|Any CPU.ActiveCfg = Release|Any CPU
		{81DDED9D-158B-E303-5F62-77A2896D2A5A}.Release|Any CPU.Build.0 = Release|Any CPU
	EndGlobalSection
	GlobalSection(SolutionProperties) = preSolution
		HideSolutionNode = FALSE
	EndGlobalSection
	GlobalSection(ExtensibilityGlobals) = postSolution
		SolutionGuid = {AE8DB595-F957-4559-A907-F88680A4AB0B}
	EndGlobalSection
EndGlobal
